
Microsoft Visual Studio Solution File, Format Version 12.00
# Visual Studio 15
VisualStudioVersion = 15.0.28307.757
MinimumVisualStudioVersion = 10.0.40219.1
Project("{FAE04EC0-301F-11D3-BF4B-00C04F79EFBC}") = "ComputerHardwareInfo", "ComputerHardwareInfo\ComputerHardwareInfo.csproj", "{F96CC397-98E9-4FD3-B2C3-7DE709B3FC2D}"
EndProject
Global
	GlobalSection(SolutionConfigurationPlatforms) = preSolution
		Debug|Any CPU = Debug|Any CPU
		Release|Any CPU = Release|Any CPU
	EndGlobalSection
	GlobalSection(ProjectConfigurationPlatforms) = postSolution
		{F96CC397-98E9-4FD3-B2C3-7DE709B3FC2D}.Debug|Any CPU.ActiveCfg = Debug|Any CPU
		{F96CC397-98E9-4FD3-B2C3-7DE709B3FC2D}.Debug|Any CPU.Build.0 = Debug|Any CPU
		{F96CC397-98E9-4FD3-B2C3-7DE709B3FC2D}.Release|Any CPU.ActiveCfg = Release|Any CPU
		{F96CC397-98E9-4FD3-B2C3-7DE709B3FC2D}.Release|Any CPU.Build.0 = Release|Any CPU
	EndGlobalSection
	GlobalSection(SolutionProperties) = preSolution
		HideSolutionNode = FALSE
	EndGlobalSection
	GlobalSection(ExtensibilityGlobals) = postSolution
		SolutionGuid = {E9722C5F-9BF2-4FB7-B38F-677F55528377}
	EndGlobalSection
EndGlobal
